// !$*UTF8*$!
{
	archiveVersion = 1;
	classes = {
	};
	objectVersion = 46;
	objects = {

/* Begin PBXBuildFile section */
		EABDA9A91C5606BD00DB133D /* AppDelegate.swift in Sources */ = {isa = PBXBuildFile; fileRef = EABDA9A81C5606BD00DB133D /* AppDelegate.swift */; };
		EABDA9AB1C5606BD00DB133D /* MasterViewController.swift in Sources */ = {isa = PBXBuildFile; fileRef = EABDA9AA1C5606BD00DB133D /* MasterViewController.swift */; };
		EABDA9AD1C5606BD00DB133D /* DetailViewController.swift in Sources */ = {isa = PBXBuildFile; fileRef = EABDA9AC1C5606BD00DB133D /* DetailViewController.swift */; };
		EABDA9B01C5606BD00DB133D /* Main.storyboard in Resources */ = {isa = PBXBuildFile; fileRef = EABDA9AE1C5606BD00DB133D /* Main.storyboard */; };
		EABDA9B21C5606BD00DB133D /* Assets.xcassets in Resources */ = {isa = PBXBuildFile; fileRef = EABDA9B11C5606BD00DB133D /* Assets.xcassets */; };
		EABDA9B51C5606BD00DB133D /* LaunchScreen.storyboard in Resources */ = {isa = PBXBuildFile; fileRef = EABDA9B31C5606BD00DB133D /* LaunchScreen.storyboard */; };
/* End PBXBuildFile section */

/* Begin PBXFileReference section */
		EABDA9A51C5606BD00DB133D /* project5.app */ = {isa = PBXFileReference; explicitFileType = wrapper.application; includeInIndex = 0; path = project5.app; sourceTree = BUILT_PRODUCTS_DIR; };
		EABDA9A81C5606BD00DB133D /* AppDelegate.swift */ = {isa = PBXFileReference; lastKnownFileType = sourcecode.swift; path = AppDelegate.swift; sourceTree = "<group>"; };
		EABDA9AA1C5606BD00DB133D /* MasterViewController.swift */ = {isa = PBXFileReference; lastKnownFileType = sourcecode.swift; path = MasterViewController.swift; sourceTree = "<group>"; };
		EABDA9AC1C5606BD00DB133D /* DetailViewController.swift */ = {isa = PBXFileReference; lastKnownFileType = sourcecode.swift; path = DetailViewController.swift; sourceTree = "<group>"; };
		EABDA9AF1C5606BD00DB133D /* Base */ = {isa = PBXFileReference; lastKnownFileType = file.storyboard; name = Base; path = Base.lproj/Main.storyboard; sourceTree = "<group>"; };
		EABDA9B11C5606BD00DB133D /* Assets.xcassets */ = {isa = PBXFileReference; lastKnownFileType = folder.assetcatalog; path = Assets.xcassets; sourceTree = "<group>"; };
		EABDA9B41C5606BD00DB133D /* Base */ = {isa = PBXFileReference; lastKnownFileType = file.storyboard; name = Base; path = Base.lproj/LaunchScreen.storyboard; sourceTree = "<group>"; };
		EABDA9B61C5606BD00DB133D /* Info.plist */ = {isa = PBXFileReference; lastKnownFileType = text.plist.xml; path = Info.plist; sourceTree = "<group>"; };
/* End PBXFileReference section */

/* Begin PBXFrameworksBuildPhase section */
		EABDA9A21C5606BD00DB133D /* Frameworks */ = {
			isa = PBXFrameworksBuildPhase;
			buildActionMask = 2147483647;
			files = (
			);
			runOnlyForDeploymentPostprocessing = 0;
		};
/* End PBXFrameworksBuildPhase section */

/* Begin PBXGroup section */
		EABDA99C1C5606BD00DB133D = {
			isa = PBXGroup;
			children = (
				EABDA9A71C5606BD00DB133D /* project5 */,
				EABDA9A61C5606BD00DB133D /* Products */,
			);
			sourceTree = "<group>";
		};
		EABDA9A61C5606BD00DB133D /* Products */ = {
			isa = PBXGroup;
			children = (
				EABDA9A51C5606BD00DB133D /* project5.app */,
			);
			name = Products;
			sourceTree = "<group>";
		};
		EABDA9A71C5606BD00DB133D /* project5 */ = {
			isa = PBXGroup;
			children = (
				EABDA9A81C5606BD00DB133D /* AppDelegate.swift */,
				EABDA9AA1C5606BD00DB133D /* MasterViewController.swift */,
				EABDA9AC1C5606BD00DB133D /* DetailViewController.swift */,
				EABDA9AE1C5606BD00DB133D /* Main.storyboard */,
				EABDA9B11C5606BD00DB133D /* Assets.xcassets */,
				EABDA9B31C5606BD00DB133D /* LaunchScreen.storyboard */,
				EABDA9B61C5606BD00DB133D /* Info.plist */,
			);
			path = project5;
			sourceTree = "<group>";
		};
/* End PBXGroup section */

/* Begin PBXNativeTarget section */
		EABDA9A41C5606BD00DB133D /* project5 */ = {
			isa = PBXNativeTarget;
			buildConfigurationList = EABDA9B91C5606BD00DB133D /* Build configuration list for PBXNativeTarget "project5" */;
			buildPhases = (
				EABDA9A11C5606BD00DB133D /* Sources */,
				EABDA9A21C5606BD00DB133D /* Frameworks */,
				EABDA9A31C5606BD00DB133D /* Resources */,
			);
			buildRules = (
			);
			dependencies = (
			);
			name = project5;
			productName = project5;
			productReference = EABDA9A51C5606BD00DB133D /* project5.app */;
			productType = "com.apple.product-type.application";
		};
/* End PBXNativeTarget section */

/* Begin PBXProject section */
		EABDA99D1C5606BD00DB133D /* Project object */ = {
			isa = PBXProject;
			attributes = {
				LastSwiftUpdateCheck = 0710;
				LastUpgradeCheck = 0710;
				ORGANIZATIONNAME = "Alain Gall";
				TargetAttributes = {
					EABDA9A41C5606BD00DB133D = {
						CreatedOnToolsVersion = 7.1;
					};
				};
			};
			buildConfigurationList = EABDA9A01C5606BD00DB133D /* Build configuration list for PBXProject "project5" */;
			compatibilityVersion = "Xcode 3.2";
			developmentRegion = English;
			hasScannedForEncodings = 0;
			knownRegions = (
				en,
				Base,
			);
			mainGroup = EABDA99C1C5606BD00DB133D;
			productRefGroup = EABDA9A61C5606BD00DB133D /* Products */;
			projectDirPath = "";
			projectRoot = "";
			targets = (
				EABDA9A41C5606BD00DB133D /* project5 */,
			);
		};
/* End PBXProject section */

/* Begin PBXResourcesBuildPhase section */
		EABDA9A31C5606BD00DB133D /* Resources */ = {
			isa = PBXResourcesBuildPhase;
			buildActionMask = 2147483647;
			files = (
				EABDA9B51C5606BD00DB133D /* LaunchScreen.storyboard in Resources */,
				EABDA9B21C5606BD00DB133D /* Assets.xcassets in Resources */,
				EABDA9B01C5606BD00DB133D /* Main.storyboard in Resources */,
			);
			runOnlyForDeploymentPostprocessing = 0;
		};
/* End PBXResourcesBuildPhase section */

/* Begin PBXSourcesBuildPhase section */
		EABDA9A11C5606BD00DB133D /* Sources */ = {
			isa = PBXSourcesBuildPhase;
			buildActionMask = 2147483647;
			files = (
				EABDA9AD1C5606BD00DB133D /* DetailViewController.swift in Sources */,
				EABDA9AB1C5606BD00DB133D /* MasterViewController.swift in Sources */,
				EABDA9A91C5606BD00DB133D /* AppDelegate.swift in Sources */,
			);
			runOnlyForDeploymentPostprocessing = 0;
		};
/* End PBXSourcesBuildPhase section */

/* Begin PBXVariantGroup section */
		EABDA9AE1C5606BD00DB133D /* Main.storyboard */ = {
			isa = PBXVariantGroup;
			children = (
				EABDA9AF1C5606BD00DB133D /* Base */,
			);
			name = Main.storyboard;
			sourceTree = "<group>";
		};
		EABDA9B31C5606BD00DB133D /* LaunchScreen.storyboard */ = {
			isa = PBXVariantGroup;
			children = (
				EABDA9B41C5606BD00DB133D /* Base */,
			);
			name = LaunchScreen.storyboard;
			sourceTree = "<group>";
		};
/* End PBXVariantGroup section */

/* Begin XCBuildConfiguration section */
		EABDA9B71C5606BD00DB133D /* Debug */ = {
			isa = XCBuildConfiguration;
			buildSettings = {
				ALWAYS_SEARCH_USER_PATHS = NO;
				CLANG_CXX_LANGUAGE_STANDARD = "gnu++0x";
				CLANG_CXX_LIBRARY = "libc++";
				CLANG_ENABLE_MODULES = YES;
				CLANG_ENABLE_OBJC_ARC = YES;
				CLANG_WARN_BOOL_CONVERSION = YES;
				CLANG_WARN_CONSTANT_CONVERSION = YES;
				CLANG_WARN_DIRECT_OBJC_ISA_USAGE = YES_ERROR;
				CLANG_WARN_EMPTY_BODY = YES;
				CLANG_WARN_ENUM_CONVERSION = YES;
				CLANG_WARN_INT_CONVERSION = YES;
				CLANG_WARN_OBJC_ROOT_CLASS = YES_ERROR;
				CLANG_WARN_UNREACHABLE_CODE = YES;
				CLANG_WARN__DUPLICATE_METHOD_MATCH = YES;
				"CODE_SIGN_IDENTITY[sdk=iphoneos*]" = "iPhone Developer";
				COPY_PHASE_STRIP = NO;
				DEBUG_INFORMATION_FORMAT = dwarf;
				ENABLE_STRICT_OBJC_MSGSEND = YES;
				ENABLE_TESTABILITY = YES;
				GCC_C_LANGUAGE_STANDARD = gnu99;
				GCC_DYNAMIC_NO_PIC = NO;
				GCC_NO_COMMON_BLOCKS = YES;
				GCC_OPTIMIZATION_LEVEL = 0;
				GCC_PREPROCESSOR_DEFINITIONS = (
					"DEBUG=1",
					"$(inherited)",
				);
				GCC_WARN_64_TO_32_BIT_CONVERSION = YES;
				GCC_WARN_ABOUT_RETURN_TYPE = YES_ERROR;
				GCC_WARN_UNDECLARED_SELECTOR = YES;
				GCC_WARN_UNINITIALIZED_AUTOS = YES_AGGRESSIVE;
				GCC_WARN_UNUSED_FUNCTION = YES;
				GCC_WARN_UNUSED_VARIABLE = YES;
				IPHONEOS_DEPLOYMENT_TARGET = 9.1;
				MTL_ENABLE_DEBUG_INFO = YES;
				ONLY_ACTIVE_ARCH = YES;
				SDKROOT = iphoneos;
				SWIFT_OPTIMIZATION_LEVEL = "-Onone";
			};
			name = Debug;
		};
		EABDA9B81C5606BD00DB133D /* Release */ = {
			isa = XCBuildConfiguration;
			buildSettings = {
				ALWAYS_SEARCH_USER_PATHS = NO;
				CLANG_CXX_LANGUAGE_STANDARD = "gnu++0x";
				CLANG_CXX_LIBRARY = "libc++";
				CLANG_ENABLE_MODULES = YES;
				CLANG_ENABLE_OBJC_ARC = YES;
				CLANG_WARN_BOOL_CONVERSION = YES;
				CLANG_WARN_CONSTANT_CONVERSION = YES;
				CLANG_WARN_DIRECT_OBJC_ISA_USAGE = YES_ERROR;
				CLANG_WARN_EMPTY_BODY = YES;
				CLANG_WARN_ENUM_CONVERSION = YES;
				CLANG_WARN_INT_CONVERSION = YES;
				CLANG_WARN_OBJC_ROOT_CLASS = YES_ERROR;
				CLANG_WARN_UNREACHABLE_CODE = YES;
				CLANG_WARN__DUPLICATE_METHOD_MATCH = YES;
				"CODE_SIGN_IDENTITY[sdk=iphoneos*]" = "iPhone Developer";
				COPY_PHASE_STRIP = NO;
				DEBUG_INFORMATION_FORMAT = "dwarf-with-dsym";
				ENABLE_NS_ASSERTIONS = NO;
				ENABLE_STRICT_OBJC_MSGSEND = YES;
				GCC_C_LANGUAGE_STANDARD = gnu99;
				GCC_NO_COMMON_BLOCKS = YES;
				GCC_WARN_64_TO_32_BIT_CONVERSION = YES;
				GCC_WARN_ABOUT_RETURN_TYPE = YES_ERROR;
				GCC_WARN_UNDECLARED_SELECTOR = YES;
				GCC_WARN_UNINITIALIZED_AUTOS = YES_AGGRESSIVE;
				GCC_WARN_UNUSED_FUNCTION = YES;
				GCC_WARN_UNUSED_VARIABLE = YES;
				IPHONEOS_DEPLOYMENT_TARGET = 9.1;
				MTL_ENABLE_DEBUG_INFO = NO;
				SDKROOT = iphoneos;
				VALIDATE_PRODUCT = YES;
			};
			name = Release;
		};
		EABDA9BA1C5606BD00DB133D /* Debug */ = {
			isa = XCBuildConfiguration;
			buildSettings = {
				ASSETCATALOG_COMPILER_APPICON_NAME = AppIcon;
				INFOPLIST_FILE = project5/Info.plist;
				LD_RUNPATH_SEARCH_PATHS = "$(inherited) @executable_path/Frameworks";
				PRODUCT_BUNDLE_IDENTIFIER = com.alinusgallus.project1.project5;
				PRODUCT_NAME = "$(TARGET_NAME)";
			};
			name = Debug;
		};
		EABDA9BB1C5606BD00DB133D /* Release */ = {
			isa = XCBuildConfiguration;
			buildSettings = {
				ASSETCATALOG_COMPILER_APPICON_NAME = AppIcon;
				INFOPLIST_FILE = project5/Info.plist;
				LD_RUNPATH_SEARCH_PATHS = "$(inherited) @executable_path/Frameworks";
				PRODUCT_BUNDLE_IDENTIFIER = com.alinusgallus.project1.project5;
				PRODUCT_NAME = "$(TARGET_NAME)";
			};
			name = Release;
		};
/* End XCBuildConfiguration section */

/* Begin XCConfigurationList section */
		EABDA9A01C5606BD00DB133D /* Build configuration list for PBXProject "project5" */ = {
			isa = XCConfigurationList;
			buildConfigurations = (
				EABDA9B71C5606BD00DB133D /* Debug */,
				EABDA9B81C5606BD00DB133D /* Release */,
			);
			defaultConfigurationIsVisible = 0;
			defaultConfigurationName = Release;
		};
		EABDA9B91C5606BD00DB133D /* Build configuration list for PBXNativeTarget "project5" */ = {
			isa = XCConfigurationList;
			buildConfigurations = (
				EABDA9BA1C5606BD00DB133D /* Debug */,
				EABDA9BB1C5606BD00DB133D /* Release */,
			);
			defaultConfigurationIsVisible = 0;
		};
/* End XCConfigurationList section */
	};
	rootObject = EABDA99D1C5606BD00DB133D /* Project object */;
}
